
Microsoft Visual Studio Solution File, Format Version 12.00
# Visual Studio 14
VisualStudioVersion = 14.0.23107.0
MinimumVisualStudioVersion = 10.0.40219.1
Project("{FAE04EC0-301F-11D3-BF4B-00C04F79EFBC}") = "CicloDeVidaMVC", "CicloDeVidaMVC\CicloDeVidaMVC.csproj", "{FFF514C5-5867-4208-9437-AF9091C2F070}"
EndProject
Global
	GlobalSection(SolutionConfigurationPlatforms) = preSolution
		Debug|Any CPU = Debug|Any CPU
		Release|Any CPU = Release|Any CPU
	EndGlobalSection
	GlobalSection(ProjectConfigurationPlatforms) = postSolution
		{FFF514C5-5867-4208-9437-AF9091C2F070}.Debug|Any CPU.ActiveCfg = Debug|Any CPU
		{FFF514C5-5867-4208-9437-AF9091C2F070}.Debug|Any CPU.Build.0 = Debug|Any CPU
		{FFF514C5-5867-4208-9437-AF9091C2F070}.Release|Any CPU.ActiveCfg = Release|Any CPU
		{FFF514C5-5867-4208-9437-AF9091C2F070}.Release|Any CPU.Build.0 = Release|Any CPU
	EndGlobalSection
	GlobalSection(SolutionProperties) = preSolution
		HideSolutionNode = FALSE
	EndGlobalSection
EndGlobal
